
Microsoft Visual Studio Solution File, Format Version 12.00
# Visual Studio Version 16
VisualStudioVersion = 16.0.31829.152
MinimumVisualStudioVersion = 10.0.40219.1
Project("{2150E333-8FDC-42A3-9474-1A3956D46DE8}") = "LadoCliente", "LadoCliente", "{B54652EB-D2E3-4E32-A503-5AF6682BA6ED}"
EndProject
Project("{FAE04EC0-301F-11D3-BF4B-00C04F79EFBC}") = "intranetMVC", "LadoCliente\intranetMVC\intranetMVC.csproj", "{8FFB0976-2CAB-4B8A-82CA-23372302C294}"
EndProject
Global
	GlobalSection(SolutionConfigurationPlatforms) = preSolution
		Debug|Any CPU = Debug|Any CPU
		Release|Any CPU = Release|Any CPU
	EndGlobalSection
	GlobalSection(ProjectConfigurationPlatforms) = postSolution
		{8FFB0976-2CAB-4B8A-82CA-23372302C294}.Debug|Any CPU.ActiveCfg = Debug|Any CPU
		{8FFB0976-2CAB-4B8A-82CA-23372302C294}.Debug|Any CPU.Build.0 = Debug|Any CPU
		{8FFB0976-2CAB-4B8A-82CA-23372302C294}.Release|Any CPU.ActiveCfg = Release|Any CPU
		{8FFB0976-2CAB-4B8A-82CA-23372302C294}.Release|Any CPU.Build.0 = Release|Any CPU
	EndGlobalSection
	GlobalSection(SolutionProperties) = preSolution
		HideSolutionNode = FALSE
	EndGlobalSection
	GlobalSection(NestedProjects) = preSolution
		{8FFB0976-2CAB-4B8A-82CA-23372302C294} = {B54652EB-D2E3-4E32-A503-5AF6682BA6ED}
	EndGlobalSection
	GlobalSection(ExtensibilityGlobals) = postSolution
		SolutionGuid = {98326A0B-D295-42F2-B3AB-547872153819}
	EndGlobalSection
EndGlobal
